{
  "version": "4",
  "remote": {
    "https://deno.land/x/_std@1.0.0/fs/_create_walk_entry.ts": "5d9d2aaec05bcf09a06748b1684224d33eba7a4de24cf4cf5599991ca6b5b412",
    "https://deno.land/x/_std@1.0.0/fs/_to_path_string.ts": "137d85ee5f3e57572a5ece94ea356ff1ec545bb6c4ee762b99dad215ef486839",
    "https://deno.land/x/_std@1.0.0/fs/walk.ts": "0d39829cadc65564edba21eff72b69917aad9a2ff59c00e861abcb952ebdcc1f",
    "https://deno.land/x/_std@1.0.0/path/_common/assert_path.ts": "136d47e3580667f7835507a33d5d63d4cc3f71671d17ddfdb17d79a31625bb41",
    "https://deno.land/x/_std@1.0.0/path/_common/basename.ts": "3b15fc31f9db13b601ee65a29acbab0956594e7db5ac48d37308727dbe53004c",
    "https://deno.land/x/_std@1.0.0/path/_common/common.ts": "af935c0d001d9094358393455c5046e0c3bb9f0f200945065e89073c97f2a5b1",
    "https://deno.land/x/_std@1.0.0/path/_common/constants.ts": "dc5f8057159f4b48cd304eb3027e42f1148cf4df1fb4240774d3492b5d12ac0c",
    "https://deno.land/x/_std@1.0.0/path/_common/dirname.ts": "684df4aa71a04bbcc346c692c8485594fc8a90b9408dfbc26ff32cf3e0c98cc8",
    "https://deno.land/x/_std@1.0.0/path/_common/format.ts": "348b7acfd94d522c327f9afe09f5b0821d6760e50f7f9917d3a9ba5cdde9dd37",
    "https://deno.land/x/_std@1.0.0/path/_common/from_file_url.ts": "ab0ed799065db75c2b94ed9d2b05644a3078fc0a71efc301cdb9f20274a1c4af",
    "https://deno.land/x/_std@1.0.0/path/_common/glob_to_reg_exp.ts": "5d76e085e4d99583e2eec758828a2df4d6d6d1f928bdda6a9b040a19ab9af85f",
    "https://deno.land/x/_std@1.0.0/path/_common/normalize.ts": "684df4aa71a04bbcc346c692c8485594fc8a90b9408dfbc26ff32cf3e0c98cc8",
    "https://deno.land/x/_std@1.0.0/path/_common/normalize_string.ts": "33edef773c2a8e242761f731adeb2bd6d683e9c69e4e3d0092985bede74f4ac3",
    "https://deno.land/x/_std@1.0.0/path/_common/relative.ts": "faa2753d9b32320ed4ada0733261e3357c186e5705678d9dd08b97527deae607",
    "https://deno.land/x/_std@1.0.0/path/_common/strip_trailing_separators.ts": "7024a93447efcdcfeaa9339a98fa63ef9d53de363f1fbe9858970f1bba02655a",
    "https://deno.land/x/_std@1.0.0/path/_common/to_file_url.ts": "7f76adbc83ece1bba173e6e98a27c647712cab773d3f8cbe0398b74afc817883",
    "https://deno.land/x/_std@1.0.0/path/_os.ts": "6b420bf7d2e76d9597932b729e5b3dea9540416d38e88937d4c39c484e34fa21",
    "https://deno.land/x/_std@1.0.0/path/basename.ts": "48002db2a13aa6fc230c7f9376a52b0666556479b8601d19d3d30d054f2f57a0",
    "https://deno.land/x/_std@1.0.0/path/from_file_url.ts": "d417d5474a223cc1f788ca51206b5559c978f72fe40dce9007b57f3f2790036b",
    "https://deno.land/x/_std@1.0.0/path/is_glob.ts": "f049c6ef77215c4f770a2fee45b3fa260e5050c031f035c2885c209e53e5dd92",
    "https://deno.land/x/_std@1.0.0/path/join.ts": "69c9ac1f26722bc34da6de3c0e63465d52e4d019ceee67fab3573b1393e6e8f5",
    "https://deno.land/x/_std@1.0.0/path/normalize.ts": "50cfa0f6f01a3044479bff4452194c8e0722b4d983f22ba57f0f9e87e3c933f6",
    "https://deno.land/x/_std@1.0.0/path/posix/_util.ts": "1e3937da30f080bfc99fe45d7ed23c47dd8585c5e473b2d771380d3a6937cf9d",
    "https://deno.land/x/_std@1.0.0/path/posix/basename.ts": "158bae59b9c9c3d081b9d6981e64239fb5376c7b05ebcb964699562f68e6a842",
    "https://deno.land/x/_std@1.0.0/path/posix/common.ts": "4f884f65c86f1eff1e5942141ba65b28895f69199f14c202baa3f62574dd9d29",
    "https://deno.land/x/_std@1.0.0/path/posix/constants.ts": "f83bf8eae5a94941001d2af567d573a4ad93c0df46a5e183e2268cb19f42779f",
    "https://deno.land/x/_std@1.0.0/path/posix/dirname.ts": "9576566fd03c2e5c6f0b60d99b15f9c0563ad3fee46a3c590217cb502295dbb1",
    "https://deno.land/x/_std@1.0.0/path/posix/extname.ts": "d2c3a3870b253df75194a521e7f969cce1d61960f122d4002a7c1dcda9c7dbc8",
    "https://deno.land/x/_std@1.0.0/path/posix/format.ts": "f0743cbdb7c67f68840a037cce9870b9f88484fcd0d113ace01a1081da46fefc",
    "https://deno.land/x/_std@1.0.0/path/posix/from_file_url.ts": "7d309c60622176248c124ab09b3ac8b103396a4358d7702603d4608476d18228",
    "https://deno.land/x/_std@1.0.0/path/posix/glob_to_regexp.ts": "ddc21df79809802412040b64f3a26fd5539bff0fef5b92349ed3059ce5490185",
    "https://deno.land/x/_std@1.0.0/path/posix/is_absolute.ts": "42a1ece7c31d5c10a5191a4f0aa5c0d5a9eccab5e049acee1bfe29acd282acd6",
    "https://deno.land/x/_std@1.0.0/path/posix/is_glob.ts": "8a8b08c08bf731acf2c1232218f1f45a11131bc01de81e5f803450a5914434b9",
    "https://deno.land/x/_std@1.0.0/path/posix/join.ts": "c07ddd3275ae46a6506ae9db3121435914ba973423dc96971e9b8b127cb9048e",
    "https://deno.land/x/_std@1.0.0/path/posix/join_globs.ts": "8493a2193f5bb6c1fe43c5c06d85db056a528c25df3a7a2ca338305ee9647ec9",
    "https://deno.land/x/_std@1.0.0/path/posix/mod.ts": "24f885c64631d659c6d403bdee8427b03f71ee06febf5e04a3e810ddf4cbddd3",
    "https://deno.land/x/_std@1.0.0/path/posix/normalize.ts": "fec209ee5eaf77f59dff5a8ac07effe2fc4f5728bfa4198efffaecd11bd3b086",
    "https://deno.land/x/_std@1.0.0/path/posix/normalize_glob.ts": "87a32ba90af4bd645d8f2ecee5e5db16c1bd71ca60ab390b22a05e3be3aff54c",
    "https://deno.land/x/_std@1.0.0/path/posix/parse.ts": "7c93e1a978ba6e9c565fc00a3b05c35a8201f7686eabedb0a05a8dd57b67c58f",
    "https://deno.land/x/_std@1.0.0/path/posix/relative.ts": "eba27edb8774860e62660e9253ca3463b060b3f4db6cea0975f5286af3178f2d",
    "https://deno.land/x/_std@1.0.0/path/posix/resolve.ts": "e1d37022a72285259ea20c23dec5b1c1255104364133fe0478477dd55c939dbc",
    "https://deno.land/x/_std@1.0.0/path/posix/to_file_url.ts": "dfe4a9e89705b8e3b20da8353dfbf95506c8d7ab5b66a78fa2ef798b9f1c9651",
    "https://deno.land/x/_std@1.0.0/path/posix/to_namespaced_path.ts": "c354c9d8814f39eb2256bc59bcf8b3432146d26fe4fc7e965c4fd63d407c2a18",
    "https://deno.land/x/_std@1.0.0/path/types.ts": "c5790aabe0697055893abb303b7a45683cbf050bb2a26c4df8d5af17c87c0cc8",
    "https://deno.land/x/_std@1.0.0/path/windows/_util.ts": "d5f47363e5293fced22c984550d5e70e98e266cc3f31769e1710511803d04808",
    "https://deno.land/x/_std@1.0.0/path/windows/basename.ts": "9d074bca02078d1bab11f5d57d938edb2e3dac619f7ee20fcb2d2c8f9bdcf7d0",
    "https://deno.land/x/_std@1.0.0/path/windows/from_file_url.ts": "eca03ec68a0bc5c51b208686ac19abba8e00af96184e6f4580f02713f6fad74b",
    "https://deno.land/x/_std@1.0.0/path/windows/join.ts": "2383d4941e87a641e7feb70cfcb0e8e68c66de89a085a2bdd282c4b4d983e432",
    "https://deno.land/x/_std@1.0.0/path/windows/normalize.ts": "6ffaadfe3e3e470be3601af8dcd580fbf7e7c09b776faeac5c558386dda0cbf3",
    "https://deno.land/x/zipjs@v2.7.52/index.js": "6ae94bb4897a2c6f73df3f4c952f88b3ce76ba47892f86790b419c013926fb60",
    "https://deno.land/x/zipjs@v2.7.52/lib/core/codec-pool.js": "bcadc41dd82392e586f8ce04791b3be92eab039fb6e09f08c86bb1b1c0419c82",
    "https://deno.land/x/zipjs@v2.7.52/lib/core/codec-worker.js": "5e8d0201842e187827d9dc67f58d751213a3e5dce213374f2ba62e2c50a1bb7c",
    "https://deno.land/x/zipjs@v2.7.52/lib/core/configuration.js": "baa316a63df2f8239f9d52cd4863eaedaddd34ad887b7513588da75d19e84932",
    "https://deno.land/x/zipjs@v2.7.52/lib/core/constants.js": "14fe1468b87cd0fe20c6f1fec916485f875d8592beba94c9241af4cbd12dd88f",
    "https://deno.land/x/zipjs@v2.7.52/lib/core/io.js": "3884028bae2696be0886dd5250ef7815303026897fc0e19a8c83a36857b3ae89",
    "https://deno.land/x/zipjs@v2.7.52/lib/core/streams/aes-crypto-stream.js": "8bc4f1490b64d8eb5850c88574ada77933c07b5052354804f19d729b8f4dd2e4",
    "https://deno.land/x/zipjs@v2.7.52/lib/core/streams/codec-stream.js": "1c0d9de91141bf89f49dc1e239dd22d75a3e46d38dd153aca1a6d48c231d4d85",
    "https://deno.land/x/zipjs@v2.7.52/lib/core/streams/codecs/crc32.js": "dfdde666f72b4a5ffc8cf5b1451e0db578ce4bd90de20df2cff5bfd47758cb23",
    "https://deno.land/x/zipjs@v2.7.52/lib/core/streams/codecs/deflate.js": "08c1b24d1845528f6db296570d690ecbe23c6c01c6cb26b561e601e770281c3a",
    "https://deno.land/x/zipjs@v2.7.52/lib/core/streams/codecs/inflate.js": "55d00eed332cf2c4f61e2ee23133e3257768d0608572ee3f9641a2921c3a6f67",
    "https://deno.land/x/zipjs@v2.7.52/lib/core/streams/codecs/sjcl.js": "462289c5312f01bba8a757a7a0f3d8f349f471183cb4c49fb73d58bba18a5428",
    "https://deno.land/x/zipjs@v2.7.52/lib/core/streams/common-crypto.js": "e3c28d03f3c2809d5bf69f31d01449679eb94cb76648e370145986313052436a",
    "https://deno.land/x/zipjs@v2.7.52/lib/core/streams/crc32-stream.js": "10e26bd18df0e1e89d61a62827a1a1c19f4e541636dd0eccbd85af3afabce289",
    "https://deno.land/x/zipjs@v2.7.52/lib/core/streams/stream-adapter.js": "9e7f3fe1601cc447943cd37b5adb6d74c6e9c404d002e707e8eace7bc048929c",
    "https://deno.land/x/zipjs@v2.7.52/lib/core/streams/zip-crypto-stream.js": "19305af1e8296e7fa6763f3391d0b8149a1e09c659e1d1ff32a484448b18243c",
    "https://deno.land/x/zipjs@v2.7.52/lib/core/streams/zip-entry-stream.js": "5434921e9901b460ece7d669337ce71bfc013db682a638e0a40caa1d8e2e479e",
    "https://deno.land/x/zipjs@v2.7.52/lib/core/util/cp437-decode.js": "d665ded184037ffe5d255be8f379f90416053e3d0d84fac95b28f4aeaab3d336",
    "https://deno.land/x/zipjs@v2.7.52/lib/core/util/decode-text.js": "c04a098fa7c16470c48b6abd4eb4ac48af53547de65e7c8f39b78ae62330ad57",
    "https://deno.land/x/zipjs@v2.7.52/lib/core/util/default-mime-type.js": "177ae00e1956d3d00cdefc40eb158cb591d3d24ede452c056d30f98d73d9cd73",
    "https://deno.land/x/zipjs@v2.7.52/lib/core/util/encode-text.js": "47f2b26231d379e3d024db0a59bc713c76392fff7bf3120dae1a48453d47f8d3",
    "https://deno.land/x/zipjs@v2.7.52/lib/core/util/mime-type.js": "6c6dfa4daf98ef59cd65118073b74f327ceab2ef28140e38934b0d15eb2b5c29",
    "https://deno.land/x/zipjs@v2.7.52/lib/core/util/stream-codec-shim.js": "22ca28de10b002d576667c30360a63a41601ab1b6a5dd12c7b91aac8f7b1781b",
    "https://deno.land/x/zipjs@v2.7.52/lib/core/zip-entry.js": "e82cad789f5f17ee70a5b6aaf25f9283e9e5894079e0a3c4a19d328de0a44edc",
    "https://deno.land/x/zipjs@v2.7.52/lib/core/zip-fs-core.js": "5807bd0a835a4cb86e0813fdd543aa261ff5b0121612e15c6347f6e063296281",
    "https://deno.land/x/zipjs@v2.7.52/lib/core/zip-reader.js": "30cf6e6cc9a1c119a10cd0f70a5765c805dbfee8f4e6ebf3b64d60afd03ed97d",
    "https://deno.land/x/zipjs@v2.7.52/lib/core/zip-writer.js": "751bbd9764b1c6c3add86d63855f8f7c5f2ccd0f98737394fc2f6fa5e9d1b98a",
    "https://deno.land/x/zipjs@v2.7.52/lib/z-worker-inline.js": "72b10e78e518dae68527a9ad47045db0e8c4747302b47024de781f389dc61315",
    "https://deno.land/x/zipjs@v2.7.52/lib/zip-fs.js": "c18ebfe158361827beaa9aac7ad27f7535bcd1d118e1888bf948067363df1b47"
  }
}
